
Microsoft Visual Studio Solution File, Format Version 12.00
# Visual Studio 15
VisualStudioVersion = 15.0.28307.329
MinimumVisualStudioVersion = 10.0.40219.1
Project("{F2A71F9B-5D33-465A-A702-920D77279786}") = "FrappucinoOne", "FrappucinoOne\FrappucinoOne.fsproj", "{C9D45774-7299-4319-A2D8-A4F086E11EEC}"
EndProject
Project("{8BC9CEB8-8B4A-11D0-8D11-00A0C91BC942}") = "FOCore", "FOCore\FOCore.vcxproj", "{9E6354ED-CDB9-4431-8DE6-606F84B6CD7D}"
EndProject
Global
	GlobalSection(SolutionConfigurationPlatforms) = preSolution
		Debug|Any CPU = Debug|Any CPU
		Debug|x64 = Debug|x64
		Debug|x86 = Debug|x86
		Release|Any CPU = Release|Any CPU
		Release|x64 = Release|x64
		Release|x86 = Release|x86
	EndGlobalSection
	GlobalSection(ProjectConfigurationPlatforms) = postSolution
		{C9D45774-7299-4319-A2D8-A4F086E11EEC}.Debug|Any CPU.ActiveCfg = Debug|Any CPU
		{C9D45774-7299-4319-A2D8-A4F086E11EEC}.Debug|Any CPU.Build.0 = Debug|Any CPU
		{C9D45774-7299-4319-A2D8-A4F086E11EEC}.Debug|x64.ActiveCfg = Debug|Any CPU
		{C9D45774-7299-4319-A2D8-A4F086E11EEC}.Debug|x64.Build.0 = Debug|Any CPU
		{C9D45774-7299-4319-A2D8-A4F086E11EEC}.Debug|x86.ActiveCfg = Debug|Any CPU
		{C9D45774-7299-4319-A2D8-A4F086E11EEC}.Debug|x86.Build.0 = Debug|Any CPU
		{C9D45774-7299-4319-A2D8-A4F086E11EEC}.Release|Any CPU.ActiveCfg = Release|Any CPU
		{C9D45774-7299-4319-A2D8-A4F086E11EEC}.Release|Any CPU.Build.0 = Release|Any CPU
		{C9D45774-7299-4319-A2D8-A4F086E11EEC}.Release|x64.ActiveCfg = Release|Any CPU
		{C9D45774-7299-4319-A2D8-A4F086E11EEC}.Release|x64.Build.0 = Release|Any CPU
		{C9D45774-7299-4319-A2D8-A4F086E11EEC}.Release|x86.ActiveCfg = Release|Any CPU
		{C9D45774-7299-4319-A2D8-A4F086E11EEC}.Release|x86.Build.0 = Release|Any CPU
		{9E6354ED-CDB9-4431-8DE6-606F84B6CD7D}.Debug|Any CPU.ActiveCfg = Debug|Win32
		{9E6354ED-CDB9-4431-8DE6-606F84B6CD7D}.Debug|x64.ActiveCfg = Debug|x64
		{9E6354ED-CDB9-4431-8DE6-606F84B6CD7D}.Debug|x64.Build.0 = Debug|x64
		{9E6354ED-CDB9-4431-8DE6-606F84B6CD7D}.Debug|x86.ActiveCfg = Debug|Win32
		{9E6354ED-CDB9-4431-8DE6-606F84B6CD7D}.Debug|x86.Build.0 = Debug|Win32
		{9E6354ED-CDB9-4431-8DE6-606F84B6CD7D}.Release|Any CPU.ActiveCfg = Release|Win32
		{9E6354ED-CDB9-4431-8DE6-606F84B6CD7D}.Release|x64.ActiveCfg = Release|x64
		{9E6354ED-CDB9-4431-8DE6-606F84B6CD7D}.Release|x64.Build.0 = Release|x64
		{9E6354ED-CDB9-4431-8DE6-606F84B6CD7D}.Release|x86.ActiveCfg = Release|Win32
		{9E6354ED-CDB9-4431-8DE6-606F84B6CD7D}.Release|x86.Build.0 = Release|Win32
	EndGlobalSection
	GlobalSection(SolutionProperties) = preSolution
		HideSolutionNode = FALSE
	EndGlobalSection
	GlobalSection(ExtensibilityGlobals) = postSolution
		SolutionGuid = {E564CF29-566C-44DA-9EB3-4DFE31480978}
	EndGlobalSection
EndGlobal
